// !$*UTF8*$!
{
	archiveVersion = 1;
	classes = {
	};
	objectVersion = 50;
	objects = {

/* Begin PBXBuildFile section */
		A40410DF209C62BF00DBB7B3 /* AppDelegate.m in Sources */ = {isa = PBXBuildFile; fileRef = A40410DE209C62BF00DBB7B3 /* AppDelegate.m */; };
		A40410E2209C62BF00DBB7B3 /* ViewController.m in Sources */ = {isa = PBXBuildFile; fileRef = A40410E1209C62BF00DBB7B3 /* ViewController.m */; };
		A40410E5209C62BF00DBB7B3 /* Main.storyboard in Resources */ = {isa = PBXBuildFile; fileRef = A40410E3209C62BF00DBB7B3 /* Main.storyboard */; };
		A40410E7209C62C100DBB7B3 /* Assets.xcassets in Resources */ = {isa = PBXBuildFile; fileRef = A40410E6209C62C100DBB7B3 /* Assets.xcassets */; };
		A40410EA209C62C100DBB7B3 /* LaunchScreen.storyboard in Resources */ = {isa = PBXBuildFile; fileRef = A40410E8209C62C100DBB7B3 /* LaunchScreen.storyboard */; };
		A40410ED209C62C100DBB7B3 /* main.m in Sources */ = {isa = PBXBuildFile; fileRef = A40410EC209C62C100DBB7B3 /* main.m */; };
		A40410F7209C62C100DBB7B3 /* openGLPracticeTests.m in Sources */ = {isa = PBXBuildFile; fileRef = A40410F6209C62C100DBB7B3 /* openGLPracticeTests.m */; };
		A4041102209C62C100DBB7B3 /* openGLPracticeUITests.m in Sources */ = {isa = PBXBuildFile; fileRef = A4041101209C62C100DBB7B3 /* openGLPracticeUITests.m */; };
		A4041111209C62F700DBB7B3 /* OpenGLES.framework in Frameworks */ = {isa = PBXBuildFile; fileRef = A4041110209C62F700DBB7B3 /* OpenGLES.framework */; };
		A4041113209C631400DBB7B3 /* QuartzCore.framework in Frameworks */ = {isa = PBXBuildFile; fileRef = A4041112209C631400DBB7B3 /* QuartzCore.framework */; };
		A404111A209D88B400DBB7B3 /* OpenGLView.m in Sources */ = {isa = PBXBuildFile; fileRef = A4041119209D88B400DBB7B3 /* OpenGLView.m */; };
/* End PBXBuildFile section */

/* Begin PBXContainerItemProxy section */
		A40410F3209C62C100DBB7B3 /* PBXContainerItemProxy */ = {
			isa = PBXContainerItemProxy;
			containerPortal = A40410D2209C62BF00DBB7B3 /* Project object */;
			proxyType = 1;
			remoteGlobalIDString = A40410D9209C62BF00DBB7B3;
			remoteInfo = openGLPractice;
		};
		A40410FE209C62C100DBB7B3 /* PBXContainerItemProxy */ = {
			isa = PBXContainerItemProxy;
			containerPortal = A40410D2209C62BF00DBB7B3 /* Project object */;
			proxyType = 1;
			remoteGlobalIDString = A40410D9209C62BF00DBB7B3;
			remoteInfo = openGLPractice;
		};
/* End PBXContainerItemProxy section */

/* Begin PBXFileReference section */
		A40410DA209C62BF00DBB7B3 /* openGLPractice.app */ = {isa = PBXFileReference; explicitFileType = wrapper.application; includeInIndex = 0; path = openGLPractice.app; sourceTree = BUILT_PRODUCTS_DIR; };
		A40410DD209C62BF00DBB7B3 /* AppDelegate.h */ = {isa = PBXFileReference; lastKnownFileType = sourcecode.c.h; path = AppDelegate.h; sourceTree = "<group>"; };
		A40410DE209C62BF00DBB7B3 /* AppDelegate.m */ = {isa = PBXFileReference; lastKnownFileType = sourcecode.c.objc; path = AppDelegate.m; sourceTree = "<group>"; };
		A40410E0209C62BF00DBB7B3 /* ViewController.h */ = {isa = PBXFileReference; lastKnownFileType = sourcecode.c.h; path = ViewController.h; sourceTree = "<group>"; };
		A40410E1209C62BF00DBB7B3 /* ViewController.m */ = {isa = PBXFileReference; lastKnownFileType = sourcecode.c.objc; path = ViewController.m; sourceTree = "<group>"; };
		A40410E4209C62BF00DBB7B3 /* Base */ = {isa = PBXFileReference; lastKnownFileType = file.storyboard; name = Base; path = Base.lproj/Main.storyboard; sourceTree = "<group>"; };
		A40410E6209C62C100DBB7B3 /* Assets.xcassets */ = {isa = PBXFileReference; lastKnownFileType = folder.assetcatalog; path = Assets.xcassets; sourceTree = "<group>"; };
		A40410E9209C62C100DBB7B3 /* Base */ = {isa = PBXFileReference; lastKnownFileType = file.storyboard; name = Base; path = Base.lproj/LaunchScreen.storyboard; sourceTree = "<group>"; };
		A40410EB209C62C100DBB7B3 /* Info.plist */ = {isa = PBXFileReference; lastKnownFileType = text.plist.xml; path = Info.plist; sourceTree = "<group>"; };
		A40410EC209C62C100DBB7B3 /* main.m */ = {isa = PBXFileReference; lastKnownFileType = sourcecode.c.objc; path = main.m; sourceTree = "<group>"; };
		A40410F2209C62C100DBB7B3 /* openGLPracticeTests.xctest */ = {isa = PBXFileReference; explicitFileType = wrapper.cfbundle; includeInIndex = 0; path = openGLPracticeTests.xctest; sourceTree = BUILT_PRODUCTS_DIR; };
		A40410F6209C62C100DBB7B3 /* openGLPracticeTests.m */ = {isa = PBXFileReference; lastKnownFileType = sourcecode.c.objc; path = openGLPracticeTests.m; sourceTree = "<group>"; };
		A40410F8209C62C100DBB7B3 /* Info.plist */ = {isa = PBXFileReference; lastKnownFileType = text.plist.xml; path = Info.plist; sourceTree = "<group>"; };
		A40410FD209C62C100DBB7B3 /* openGLPracticeUITests.xctest */ = {isa = PBXFileReference; explicitFileType = wrapper.cfbundle; includeInIndex = 0; path = openGLPracticeUITests.xctest; sourceTree = BUILT_PRODUCTS_DIR; };
		A4041101209C62C100DBB7B3 /* openGLPracticeUITests.m */ = {isa = PBXFileReference; lastKnownFileType = sourcecode.c.objc; path = openGLPracticeUITests.m; sourceTree = "<group>"; };
		A4041103209C62C100DBB7B3 /* Info.plist */ = {isa = PBXFileReference; lastKnownFileType = text.plist.xml; path = Info.plist; sourceTree = "<group>"; };
		A4041110209C62F700DBB7B3 /* OpenGLES.framework */ = {isa = PBXFileReference; lastKnownFileType = wrapper.framework; name = OpenGLES.framework; path = System/Library/Frameworks/OpenGLES.framework; sourceTree = SDKROOT; };
		A4041112209C631400DBB7B3 /* QuartzCore.framework */ = {isa = PBXFileReference; lastKnownFileType = wrapper.framework; name = QuartzCore.framework; path = System/Library/Frameworks/QuartzCore.framework; sourceTree = SDKROOT; };
		A4041118209D88B400DBB7B3 /* OpenGLView.h */ = {isa = PBXFileReference; lastKnownFileType = sourcecode.c.h; path = OpenGLView.h; sourceTree = "<group>"; };
		A4041119209D88B400DBB7B3 /* OpenGLView.m */ = {isa = PBXFileReference; lastKnownFileType = sourcecode.c.objc; path = OpenGLView.m; sourceTree = "<group>"; };
/* End PBXFileReference section */

/* Begin PBXFrameworksBuildPhase section */
		A40410D7209C62BF00DBB7B3 /* Frameworks */ = {
			isa = PBXFrameworksBuildPhase;
			buildActionMask = 2147483647;
			files = (
				A4041113209C631400DBB7B3 /* QuartzCore.framework in Frameworks */,
				A4041111209C62F700DBB7B3 /* OpenGLES.framework in Frameworks */,
			);
			runOnlyForDeploymentPostprocessing = 0;
		};
		A40410EF209C62C100DBB7B3 /* Frameworks */ = {
			isa = PBXFrameworksBuildPhase;
			buildActionMask = 2147483647;
			files = (
			);
			runOnlyForDeploymentPostprocessing = 0;
		};
		A40410FA209C62C100DBB7B3 /* Frameworks */ = {
			isa = PBXFrameworksBuildPhase;
			buildActionMask = 2147483647;
			files = (
			);
			runOnlyForDeploymentPostprocessing = 0;
		};
/* End PBXFrameworksBuildPhase section */

/* Begin PBXGroup section */
		A40410D1209C62BF00DBB7B3 = {
			isa = PBXGroup;
			children = (
				A40410DC209C62BF00DBB7B3 /* openGLPractice */,
				A40410F5209C62C100DBB7B3 /* openGLPracticeTests */,
				A4041100209C62C100DBB7B3 /* openGLPracticeUITests */,
				A40410DB209C62BF00DBB7B3 /* Products */,
				A404110F209C62F600DBB7B3 /* Frameworks */,
			);
			sourceTree = "<group>";
		};
		A40410DB209C62BF00DBB7B3 /* Products */ = {
			isa = PBXGroup;
			children = (
				A40410DA209C62BF00DBB7B3 /* openGLPractice.app */,
				A40410F2209C62C100DBB7B3 /* openGLPracticeTests.xctest */,
				A40410FD209C62C100DBB7B3 /* openGLPracticeUITests.xctest */,
			);
			name = Products;
			sourceTree = "<group>";
		};
		A40410DC209C62BF00DBB7B3 /* openGLPractice */ = {
			isa = PBXGroup;
			children = (
				A4041117209D888900DBB7B3 /* OpenGL */,
				A4041116209D883400DBB7B3 /* ViewControllers */,
				A4041115209D881400DBB7B3 /* StoryBoards */,
				A4041114209D87E400DBB7B3 /* SupportFiles */,
				A40410EB209C62C100DBB7B3 /* Info.plist */,
			);
			path = openGLPractice;
			sourceTree = "<group>";
		};
		A40410F5209C62C100DBB7B3 /* openGLPracticeTests */ = {
			isa = PBXGroup;
			children = (
				A40410F6209C62C100DBB7B3 /* openGLPracticeTests.m */,
				A40410F8209C62C100DBB7B3 /* Info.plist */,
			);
			path = openGLPracticeTests;
			sourceTree = "<group>";
		};
		A4041100209C62C100DBB7B3 /* openGLPracticeUITests */ = {
			isa = PBXGroup;
			children = (
				A4041101209C62C100DBB7B3 /* openGLPracticeUITests.m */,
				A4041103209C62C100DBB7B3 /* Info.plist */,
			);
			path = openGLPracticeUITests;
			sourceTree = "<group>";
		};
		A404110F209C62F600DBB7B3 /* Frameworks */ = {
			isa = PBXGroup;
			children = (
				A4041112209C631400DBB7B3 /* QuartzCore.framework */,
				A4041110209C62F700DBB7B3 /* OpenGLES.framework */,
			);
			name = Frameworks;
			sourceTree = "<group>";
		};
		A4041114209D87E400DBB7B3 /* SupportFiles */ = {
			isa = PBXGroup;
			children = (
				A40410DD209C62BF00DBB7B3 /* AppDelegate.h */,
				A40410DE209C62BF00DBB7B3 /* AppDelegate.m */,
				A40410E6209C62C100DBB7B3 /* Assets.xcassets */,
				A40410EC209C62C100DBB7B3 /* main.m */,
			);
			path = SupportFiles;
			sourceTree = "<group>";
		};
		A4041115209D881400DBB7B3 /* StoryBoards */ = {
			isa = PBXGroup;
			children = (
				A40410E3209C62BF00DBB7B3 /* Main.storyboard */,
				A40410E8209C62C100DBB7B3 /* LaunchScreen.storyboard */,
			);
			path = StoryBoards;
			sourceTree = "<group>";
		};
		A4041116209D883400DBB7B3 /* ViewControllers */ = {
			isa = PBXGroup;
			children = (
				A40410E0209C62BF00DBB7B3 /* ViewController.h */,
				A40410E1209C62BF00DBB7B3 /* ViewController.m */,
			);
			path = ViewControllers;
			sourceTree = "<group>";
		};
		A4041117209D888900DBB7B3 /* OpenGL */ = {
			isa = PBXGroup;
			children = (
				A4041118209D88B400DBB7B3 /* OpenGLView.h */,
				A4041119209D88B400DBB7B3 /* OpenGLView.m */,
			);
			path = OpenGL;
			sourceTree = "<group>";
		};
/* End PBXGroup section */

/* Begin PBXNativeTarget section */
		A40410D9209C62BF00DBB7B3 /* openGLPractice */ = {
			isa = PBXNativeTarget;
			buildConfigurationList = A4041106209C62C100DBB7B3 /* Build configuration list for PBXNativeTarget "openGLPractice" */;
			buildPhases = (
				A40410D6209C62BF00DBB7B3 /* Sources */,
				A40410D7209C62BF00DBB7B3 /* Frameworks */,
				A40410D8209C62BF00DBB7B3 /* Resources */,
			);
			buildRules = (
			);
			dependencies = (
			);
			name = openGLPractice;
			productName = openGLPractice;
			productReference = A40410DA209C62BF00DBB7B3 /* openGLPractice.app */;
			productType = "com.apple.product-type.application";
		};
		A40410F1209C62C100DBB7B3 /* openGLPracticeTests */ = {
			isa = PBXNativeTarget;
			buildConfigurationList = A4041109209C62C100DBB7B3 /* Build configuration list for PBXNativeTarget "openGLPracticeTests" */;
			buildPhases = (
				A40410EE209C62C100DBB7B3 /* Sources */,
				A40410EF209C62C100DBB7B3 /* Frameworks */,
				A40410F0209C62C100DBB7B3 /* Resources */,
			);
			buildRules = (
			);
			dependencies = (
				A40410F4209C62C100DBB7B3 /* PBXTargetDependency */,
			);
			name = openGLPracticeTests;
			productName = openGLPracticeTests;
			productReference = A40410F2209C62C100DBB7B3 /* openGLPracticeTests.xctest */;
			productType = "com.apple.product-type.bundle.unit-test";
		};
		A40410FC209C62C100DBB7B3 /* openGLPracticeUITests */ = {
			isa = PBXNativeTarget;
			buildConfigurationList = A404110C209C62C100DBB7B3 /* Build configuration list for PBXNativeTarget "openGLPracticeUITests" */;
			buildPhases = (
				A40410F9209C62C100DBB7B3 /* Sources */,
				A40410FA209C62C100DBB7B3 /* Frameworks */,
				A40410FB209C62C100DBB7B3 /* Resources */,
			);
			buildRules = (
			);
			dependencies = (
				A40410FF209C62C100DBB7B3 /* PBXTargetDependency */,
			);
			name = openGLPracticeUITests;
			productName = openGLPracticeUITests;
			productReference = A40410FD209C62C100DBB7B3 /* openGLPracticeUITests.xctest */;
			productType = "com.apple.product-type.bundle.ui-testing";
		};
/* End PBXNativeTarget section */

/* Begin PBXProject section */
		A40410D2209C62BF00DBB7B3 /* Project object */ = {
			isa = PBXProject;
			attributes = {
				LastUpgradeCheck = 0930;
				ORGANIZATIONNAME = "Александр Бухарин";
				TargetAttributes = {
					A40410D9209C62BF00DBB7B3 = {
						CreatedOnToolsVersion = 9.3;
					};
					A40410F1209C62C100DBB7B3 = {
						CreatedOnToolsVersion = 9.3;
						TestTargetID = A40410D9209C62BF00DBB7B3;
					};
					A40410FC209C62C100DBB7B3 = {
						CreatedOnToolsVersion = 9.3;
						TestTargetID = A40410D9209C62BF00DBB7B3;
					};
				};
			};
			buildConfigurationList = A40410D5209C62BF00DBB7B3 /* Build configuration list for PBXProject "openGLPractice" */;
			compatibilityVersion = "Xcode 9.3";
			developmentRegion = en;
			hasScannedForEncodings = 0;
			knownRegions = (
				en,
				Base,
			);
			mainGroup = A40410D1209C62BF00DBB7B3;
			productRefGroup = A40410DB209C62BF00DBB7B3 /* Products */;
			projectDirPath = "";
			projectRoot = "";
			targets = (
				A40410D9209C62BF00DBB7B3 /* openGLPractice */,
				A40410F1209C62C100DBB7B3 /* openGLPracticeTests */,
				A40410FC209C62C100DBB7B3 /* openGLPracticeUITests */,
			);
		};
/* End PBXProject section */

/* Begin PBXResourcesBuildPhase section */
		A40410D8209C62BF00DBB7B3 /* Resources */ = {
			isa = PBXResourcesBuildPhase;
			buildActionMask = 2147483647;
			files = (
				A40410EA209C62C100DBB7B3 /* LaunchScreen.storyboard in Resources */,
				A40410E7209C62C100DBB7B3 /* Assets.xcassets in Resources */,
				A40410E5209C62BF00DBB7B3 /* Main.storyboard in Resources */,
			);
			runOnlyForDeploymentPostprocessing = 0;
		};
		A40410F0209C62C100DBB7B3 /* Resources */ = {
			isa = PBXResourcesBuildPhase;
			buildActionMask = 2147483647;
			files = (
			);
			runOnlyForDeploymentPostprocessing = 0;
		};
		A40410FB209C62C100DBB7B3 /* Resources */ = {
			isa = PBXResourcesBuildPhase;
			buildActionMask = 2147483647;
			files = (
			);
			runOnlyForDeploymentPostprocessing = 0;
		};
/* End PBXResourcesBuildPhase section */

/* Begin PBXSourcesBuildPhase section */
		A40410D6209C62BF00DBB7B3 /* Sources */ = {
			isa = PBXSourcesBuildPhase;
			buildActionMask = 2147483647;
			files = (
				A40410E2209C62BF00DBB7B3 /* ViewController.m in Sources */,
				A40410ED209C62C100DBB7B3 /* main.m in Sources */,
				A40410DF209C62BF00DBB7B3 /* AppDelegate.m in Sources */,
				A404111A209D88B400DBB7B3 /* OpenGLView.m in Sources */,
			);
			runOnlyForDeploymentPostprocessing = 0;
		};
		A40410EE209C62C100DBB7B3 /* Sources */ = {
			isa = PBXSourcesBuildPhase;
			buildActionMask = 2147483647;
			files = (
				A40410F7209C62C100DBB7B3 /* openGLPracticeTests.m in Sources */,
			);
			runOnlyForDeploymentPostprocessing = 0;
		};
		A40410F9209C62C100DBB7B3 /* Sources */ = {
			isa = PBXSourcesBuildPhase;
			buildActionMask = 2147483647;
			files = (
				A4041102209C62C100DBB7B3 /* openGLPracticeUITests.m in Sources */,
			);
			runOnlyForDeploymentPostprocessing = 0;
		};
/* End PBXSourcesBuildPhase section */

/* Begin PBXTargetDependency section */
		A40410F4209C62C100DBB7B3 /* PBXTargetDependency */ = {
			isa = PBXTargetDependency;
			target = A40410D9209C62BF00DBB7B3 /* openGLPractice */;
			targetProxy = A40410F3209C62C100DBB7B3 /* PBXContainerItemProxy */;
		};
		A40410FF209C62C100DBB7B3 /* PBXTargetDependency */ = {
			isa = PBXTargetDependency;
			target = A40410D9209C62BF00DBB7B3 /* openGLPractice */;
			targetProxy = A40410FE209C62C100DBB7B3 /* PBXContainerItemProxy */;
		};
/* End PBXTargetDependency section */

/* Begin PBXVariantGroup section */
		A40410E3209C62BF00DBB7B3 /* Main.storyboard */ = {
			isa = PBXVariantGroup;
			children = (
				A40410E4209C62BF00DBB7B3 /* Base */,
			);
			name = Main.storyboard;
			sourceTree = "<group>";
		};
		A40410E8209C62C100DBB7B3 /* LaunchScreen.storyboard */ = {
			isa = PBXVariantGroup;
			children = (
				A40410E9209C62C100DBB7B3 /* Base */,
			);
			name = LaunchScreen.storyboard;
			sourceTree = "<group>";
		};
/* End PBXVariantGroup section */

/* Begin XCBuildConfiguration section */
		A4041104209C62C100DBB7B3 /* Debug */ = {
			isa = XCBuildConfiguration;
			buildSettings = {
				ALWAYS_SEARCH_USER_PATHS = NO;
				CLANG_ANALYZER_NONNULL = YES;
				CLANG_ANALYZER_NUMBER_OBJECT_CONVERSION = YES_AGGRESSIVE;
				CLANG_CXX_LANGUAGE_STANDARD = "gnu++14";
				CLANG_CXX_LIBRARY = "libc++";
				CLANG_ENABLE_MODULES = YES;
				CLANG_ENABLE_OBJC_ARC = YES;
				CLANG_ENABLE_OBJC_WEAK = YES;
				CLANG_WARN_BLOCK_CAPTURE_AUTORELEASING = YES;
				CLANG_WARN_BOOL_CONVERSION = YES;
				CLANG_WARN_COMMA = YES;
				CLANG_WARN_CONSTANT_CONVERSION = YES;
				CLANG_WARN_DEPRECATED_OBJC_IMPLEMENTATIONS = YES;
				CLANG_WARN_DIRECT_OBJC_ISA_USAGE = YES_ERROR;
				CLANG_WARN_DOCUMENTATION_COMMENTS = YES;
				CLANG_WARN_EMPTY_BODY = YES;
				CLANG_WARN_ENUM_CONVERSION = YES;
				CLANG_WARN_INFINITE_RECURSION = YES;
				CLANG_WARN_INT_CONVERSION = YES;
				CLANG_WARN_NON_LITERAL_NULL_CONVERSION = YES;
				CLANG_WARN_OBJC_IMPLICIT_RETAIN_SELF = YES;
				CLANG_WARN_OBJC_LITERAL_CONVERSION = YES;
				CLANG_WARN_OBJC_ROOT_CLASS = YES_ERROR;
				CLANG_WARN_RANGE_LOOP_ANALYSIS = YES;
				CLANG_WARN_STRICT_PROTOTYPES = YES;
				CLANG_WARN_SUSPICIOUS_MOVE = YES;
				CLANG_WARN_UNGUARDED_AVAILABILITY = YES_AGGRESSIVE;
				CLANG_WARN_UNREACHABLE_CODE = YES;
				CLANG_WARN__DUPLICATE_METHOD_MATCH = YES;
				CODE_SIGN_IDENTITY = "iPhone Developer";
				COPY_PHASE_STRIP = NO;
				DEBUG_INFORMATION_FORMAT = dwarf;
				ENABLE_STRICT_OBJC_MSGSEND = YES;
				ENABLE_TESTABILITY = YES;
				GCC_C_LANGUAGE_STANDARD = gnu11;
				GCC_DYNAMIC_NO_PIC = NO;
				GCC_NO_COMMON_BLOCKS = YES;
				GCC_OPTIMIZATION_LEVEL = 0;
				GCC_PREPROCESSOR_DEFINITIONS = (
					"DEBUG=1",
					"$(inherited)",
				);
				GCC_WARN_64_TO_32_BIT_CONVERSION = YES;
				GCC_WARN_ABOUT_RETURN_TYPE = YES_ERROR;
				GCC_WARN_UNDECLARED_SELECTOR = YES;
				GCC_WARN_UNINITIALIZED_AUTOS = YES_AGGRESSIVE;
				GCC_WARN_UNUSED_FUNCTION = YES;
				GCC_WARN_UNUSED_VARIABLE = YES;
				IPHONEOS_DEPLOYMENT_TARGET = 11.3;
				MTL_ENABLE_DEBUG_INFO = YES;
				ONLY_ACTIVE_ARCH = YES;
				SDKROOT = iphoneos;
			};
			name = Debug;
		};
		A4041105209C62C100DBB7B3 /* Release */ = {
			isa = XCBuildConfiguration;
			buildSettings = {
				ALWAYS_SEARCH_USER_PATHS = NO;
				CLANG_ANALYZER_NONNULL = YES;
				CLANG_ANALYZER_NUMBER_OBJECT_CONVERSION = YES_AGGRESSIVE;
				CLANG_CXX_LANGUAGE_STANDARD = "gnu++14";
				CLANG_CXX_LIBRARY = "libc++";
				CLANG_ENABLE_MODULES = YES;
				CLANG_ENABLE_OBJC_ARC = YES;
				CLANG_ENABLE_OBJC_WEAK = YES;
				CLANG_WARN_BLOCK_CAPTURE_AUTORELEASING = YES;
				CLANG_WARN_BOOL_CONVERSION = YES;
				CLANG_WARN_COMMA = YES;
				CLANG_WARN_CONSTANT_CONVERSION = YES;
				CLANG_WARN_DEPRECATED_OBJC_IMPLEMENTATIONS = YES;
				CLANG_WARN_DIRECT_OBJC_ISA_USAGE = YES_ERROR;
				CLANG_WARN_DOCUMENTATION_COMMENTS = YES;
				CLANG_WARN_EMPTY_BODY = YES;
				CLANG_WARN_ENUM_CONVERSION = YES;
				CLANG_WARN_INFINITE_RECURSION = YES;
				CLANG_WARN_INT_CONVERSION = YES;
				CLANG_WARN_NON_LITERAL_NULL_CONVERSION = YES;
				CLANG_WARN_OBJC_IMPLICIT_RETAIN_SELF = YES;
				CLANG_WARN_OBJC_LITERAL_CONVERSION = YES;
				CLANG_WARN_OBJC_ROOT_CLASS = YES_ERROR;
				CLANG_WARN_RANGE_LOOP_ANALYSIS = YES;
				CLANG_WARN_STRICT_PROTOTYPES = YES;
				CLANG_WARN_SUSPICIOUS_MOVE = YES;
				CLANG_WARN_UNGUARDED_AVAILABILITY = YES_AGGRESSIVE;
				CLANG_WARN_UNREACHABLE_CODE = YES;
				CLANG_WARN__DUPLICATE_METHOD_MATCH = YES;
				CODE_SIGN_IDENTITY = "iPhone Developer";
				COPY_PHASE_STRIP = NO;
				DEBUG_INFORMATION_FORMAT = "dwarf-with-dsym";
				ENABLE_NS_ASSERTIONS = NO;
				ENABLE_STRICT_OBJC_MSGSEND = YES;
				GCC_C_LANGUAGE_STANDARD = gnu11;
				GCC_NO_COMMON_BLOCKS = YES;
				GCC_WARN_64_TO_32_BIT_CONVERSION = YES;
				GCC_WARN_ABOUT_RETURN_TYPE = YES_ERROR;
				GCC_WARN_UNDECLARED_SELECTOR = YES;
				GCC_WARN_UNINITIALIZED_AUTOS = YES_AGGRESSIVE;
				GCC_WARN_UNUSED_FUNCTION = YES;
				GCC_WARN_UNUSED_VARIABLE = YES;
				IPHONEOS_DEPLOYMENT_TARGET = 11.3;
				MTL_ENABLE_DEBUG_INFO = NO;
				SDKROOT = iphoneos;
				VALIDATE_PRODUCT = YES;
			};
			name = Release;
		};
		A4041107209C62C100DBB7B3 /* Debug */ = {
			isa = XCBuildConfiguration;
			buildSettings = {
				ASSETCATALOG_COMPILER_APPICON_NAME = AppIcon;
				CODE_SIGN_STYLE = Automatic;
				DEVELOPMENT_TEAM = 62UUS6482X;
				INFOPLIST_FILE = openGLPractice/Info.plist;
				LD_RUNPATH_SEARCH_PATHS = (
					"$(inherited)",
					"@executable_path/Frameworks",
				);
				PRODUCT_BUNDLE_IDENTIFIER = com.umbrella.openGLPractice;
				PRODUCT_NAME = "$(TARGET_NAME)";
				TARGETED_DEVICE_FAMILY = "1,2";
			};
			name = Debug;
		};
		A4041108209C62C100DBB7B3 /* Release */ = {
			isa = XCBuildConfiguration;
			buildSettings = {
				ASSETCATALOG_COMPILER_APPICON_NAME = AppIcon;
				CODE_SIGN_STYLE = Automatic;
				DEVELOPMENT_TEAM = 62UUS6482X;
				INFOPLIST_FILE = openGLPractice/Info.plist;
				LD_RUNPATH_SEARCH_PATHS = (
					"$(inherited)",
					"@executable_path/Frameworks",
				);
				PRODUCT_BUNDLE_IDENTIFIER = com.umbrella.openGLPractice;
				PRODUCT_NAME = "$(TARGET_NAME)";
				TARGETED_DEVICE_FAMILY = "1,2";
			};
			name = Release;
		};
		A404110A209C62C100DBB7B3 /* Debug */ = {
			isa = XCBuildConfiguration;
			buildSettings = {
				BUNDLE_LOADER = "$(TEST_HOST)";
				CODE_SIGN_STYLE = Automatic;
				INFOPLIST_FILE = openGLPracticeTests/Info.plist;
				LD_RUNPATH_SEARCH_PATHS = (
					"$(inherited)",
					"@executable_path/Frameworks",
					"@loader_path/Frameworks",
				);
				PRODUCT_BUNDLE_IDENTIFIER = com.umbrella.openGLPracticeTests;
				PRODUCT_NAME = "$(TARGET_NAME)";
				TARGETED_DEVICE_FAMILY = "1,2";
				TEST_HOST = "$(BUILT_PRODUCTS_DIR)/openGLPractice.app/openGLPractice";
			};
			name = Debug;
		};
		A404110B209C62C100DBB7B3 /* Release */ = {
			isa = XCBuildConfiguration;
			buildSettings = {
				BUNDLE_LOADER = "$(TEST_HOST)";
				CODE_SIGN_STYLE = Automatic;
				INFOPLIST_FILE = openGLPracticeTests/Info.plist;
				LD_RUNPATH_SEARCH_PATHS = (
					"$(inherited)",
					"@executable_path/Frameworks",
					"@loader_path/Frameworks",
				);
				PRODUCT_BUNDLE_IDENTIFIER = com.umbrella.openGLPracticeTests;
				PRODUCT_NAME = "$(TARGET_NAME)";
				TARGETED_DEVICE_FAMILY = "1,2";
				TEST_HOST = "$(BUILT_PRODUCTS_DIR)/openGLPractice.app/openGLPractice";
			};
			name = Release;
		};
		A404110D209C62C100DBB7B3 /* Debug */ = {
			isa = XCBuildConfiguration;
			buildSettings = {
				CODE_SIGN_STYLE = Automatic;
				INFOPLIST_FILE = openGLPracticeUITests/Info.plist;
				LD_RUNPATH_SEARCH_PATHS = (
					"$(inherited)",
					"@executable_path/Frameworks",
					"@loader_path/Frameworks",
				);
				PRODUCT_BUNDLE_IDENTIFIER = com.umbrella.openGLPracticeUITests;
				PRODUCT_NAME = "$(TARGET_NAME)";
				TARGETED_DEVICE_FAMILY = "1,2";
				TEST_TARGET_NAME = openGLPractice;
			};
			name = Debug;
		};
		A404110E209C62C100DBB7B3 /* Release */ = {
			isa = XCBuildConfiguration;
			buildSettings = {
				CODE_SIGN_STYLE = Automatic;
				INFOPLIST_FILE = openGLPracticeUITests/Info.plist;
				LD_RUNPATH_SEARCH_PATHS = (
					"$(inherited)",
					"@executable_path/Frameworks",
					"@loader_path/Frameworks",
				);
				PRODUCT_BUNDLE_IDENTIFIER = com.umbrella.openGLPracticeUITests;
				PRODUCT_NAME = "$(TARGET_NAME)";
				TARGETED_DEVICE_FAMILY = "1,2";
				TEST_TARGET_NAME = openGLPractice;
			};
			name = Release;
		};
/* End XCBuildConfiguration section */

/* Begin XCConfigurationList section */
		A40410D5209C62BF00DBB7B3 /* Build configuration list for PBXProject "openGLPractice" */ = {
			isa = XCConfigurationList;
			buildConfigurations = (
				A4041104209C62C100DBB7B3 /* Debug */,
				A4041105209C62C100DBB7B3 /* Release */,
			);
			defaultConfigurationIsVisible = 0;
			defaultConfigurationName = Release;
		};
		A4041106209C62C100DBB7B3 /* Build configuration list for PBXNativeTarget "openGLPractice" */ = {
			isa = XCConfigurationList;
			buildConfigurations = (
				A4041107209C62C100DBB7B3 /* Debug */,
				A4041108209C62C100DBB7B3 /* Release */,
			);
			defaultConfigurationIsVisible = 0;
			defaultConfigurationName = Release;
		};
		A4041109209C62C100DBB7B3 /* Build configuration list for PBXNativeTarget "openGLPracticeTests" */ = {
			isa = XCConfigurationList;
			buildConfigurations = (
				A404110A209C62C100DBB7B3 /* Debug */,
				A404110B209C62C100DBB7B3 /* Release */,
			);
			defaultConfigurationIsVisible = 0;
			defaultConfigurationName = Release;
		};
		A404110C209C62C100DBB7B3 /* Build configuration list for PBXNativeTarget "openGLPracticeUITests" */ = {
			isa = XCConfigurationList;
			buildConfigurations = (
				A404110D209C62C100DBB7B3 /* Debug */,
				A404110E209C62C100DBB7B3 /* Release */,
			);
			defaultConfigurationIsVisible = 0;
			defaultConfigurationName = Release;
		};
/* End XCConfigurationList section */
	};
	rootObject = A40410D2209C62BF00DBB7B3 /* Project object */;
}
